{
  "name": "futurabankclientfront",
  "version": "0.1.0",
  "lockfileVersion": 1,
  "requires": true,
  "dependencies": {
    "@polymer/iron-media-query": {
      "version": "3.0.1",
      "resolved": "https://globaldevtools.bbva.com:443/artifactory/api/npm/npm-repo/@polymer/iron-media-query/-/iron-media-query-3.0.1.tgz",
      "integrity": "sha1-XNihwejJuLr9PdXaFOD40s+nbYM=",
      "requires": {
        "@polymer/polymer": "^3.0.0"
      }
    },
    "@polymer/iron-resizable-behavior": {
      "version": "3.0.1",
      "resolved": "https://globaldevtools.bbva.com:443/artifactory/api/npm/npm-repo/@polymer/iron-resizable-behavior/-/iron-resizable-behavior-3.0.1.tgz",
      "integrity": "sha1-4oQ0jtfBx+Jj9wOSl1MvqVQCXqI=",
      "requires": {
        "@polymer/polymer": "^3.0.0"
      }
    },
    "@polymer/iron-selector": {
      "version": "3.0.1",
      "resolved": "https://globaldevtools.bbva.com:443/artifactory/api/npm/npm-repo/@polymer/iron-selector/-/iron-selector-3.0.1.tgz",
      "integrity": "sha1-6EW+xYSJyWtOdglSVTJDeGmtWog=",
      "requires": {
        "@polymer/polymer": "^3.0.0"
      }
    },
    "@polymer/paper-drawer-panel": {
      "version": "3.0.1",
      "resolved": "https://globaldevtools.bbva.com:443/artifactory/api/npm/npm-repo/@polymer/paper-drawer-panel/-/paper-drawer-panel-3.0.1.tgz",
      "integrity": "sha1-5QdW80ApGcjjob1NjiikAJ7o/Mk=",
      "requires": {
        "@polymer/iron-media-query": "^3.0.0-pre.26",
        "@polymer/iron-resizable-behavior": "^3.0.0-pre.26",
        "@polymer/iron-selector": "^3.0.0-pre.26",
        "@polymer/polymer": "^3.0.0"
      }
    },
    "@polymer/polymer": {
      "version": "3.1.0",
      "resolved": "https://globaldevtools.bbva.com:443/artifactory/api/npm/npm-repo/@polymer/polymer/-/polymer-3.1.0.tgz",
      "integrity": "sha1-Pht0R6HjUP1lThgj3vZV0PCCinA=",
      "requires": {
        "@webcomponents/shadycss": "^1.5.2"
      }
    },
    "@webcomponents/shadycss": {
      "version": "1.6.0",
      "resolved": "https://globaldevtools.bbva.com:443/artifactory/api/npm/npm-repo/@webcomponents/shadycss/-/shadycss-1.6.0.tgz",
      "integrity": "sha1-KusHA5gxN6czvbXAb/8SWqH4xcE="
    },
    "cells-app-template": {
      "version": "3.0.12",
      "resolved": "https://globaldevtools.bbva.com:443/artifactory/api/npm/npm-repo/cells-app-template/-/cells-app-template-3.0.12.tgz",
      "integrity": "sha1-gnhsTbXziBHjmeHaesflY3UA3hE="
    }
  }
}
